
Microsoft Visual Studio Solution File, Format Version 12.00
# Visual Studio Version 17
VisualStudioVersion = 17.0.31825.309
MinimumVisualStudioVersion = 10.0.40219.1
Project("{FAE04EC0-301F-11D3-BF4B-00C04F79EFBC}") = "FA.JustBlog", "FA.JustBlog\FA.JustBlog.csproj", "{5D8EE4FD-0FE4-485F-9AD6-869D540D2E5D}"
EndProject
Global
	GlobalSection(SolutionConfigurationPlatforms) = preSolution
		Debug|Any CPU = Debug|Any CPU
		Release|Any CPU = Release|Any CPU
	EndGlobalSection
	GlobalSection(ProjectConfigurationPlatforms) = postSolution
		{5D8EE4FD-0FE4-485F-9AD6-869D540D2E5D}.Debug|Any CPU.ActiveCfg = Debug|Any CPU
		{5D8EE4FD-0FE4-485F-9AD6-869D540D2E5D}.Debug|Any CPU.Build.0 = Debug|Any CPU
		{5D8EE4FD-0FE4-485F-9AD6-869D540D2E5D}.Release|Any CPU.ActiveCfg = Release|Any CPU
		{5D8EE4FD-0FE4-485F-9AD6-869D540D2E5D}.Release|Any CPU.Build.0 = Release|Any CPU
	EndGlobalSection
	GlobalSection(SolutionProperties) = preSolution
		HideSolutionNode = FALSE
	EndGlobalSection
	GlobalSection(ExtensibilityGlobals) = postSolution
		SolutionGuid = {3C5E5765-7029-4D5B-A0F7-A0AADE9D8002}
	EndGlobalSection
EndGlobal
